// !$*UTF8*$!
{
	archiveVersion = 1;
	classes = {
	};
	objectVersion = 56;
	objects = {

/* Begin PBXBuildFile section */
		0D4978642BF5408F00E0720F /* newJunsungView.swift in Sources */ = {isa = PBXBuildFile; fileRef = 0D4978632BF5408F00E0720F /* newJunsungView.swift */; };
		0DEC81CA2BF5315300D8DCDD /* NameViewApp.swift in Sources */ = {isa = PBXBuildFile; fileRef = 0DEC81C92BF5315300D8DCDD /* NameViewApp.swift */; };
		0DEC81CC2BF5315300D8DCDD /* ContentView.swift in Sources */ = {isa = PBXBuildFile; fileRef = 0DEC81CB2BF5315300D8DCDD /* ContentView.swift */; };
		0DEC81CE2BF5315300D8DCDD /* Assets.xcassets in Resources */ = {isa = PBXBuildFile; fileRef = 0DEC81CD2BF5315300D8DCDD /* Assets.xcassets */; };
		0DEC81D12BF5315300D8DCDD /* Preview Assets.xcassets in Resources */ = {isa = PBXBuildFile; fileRef = 0DEC81D02BF5315300D8DCDD /* Preview Assets.xcassets */; };
		CEF072192BF5EE25005C5DC4 /* 14.jpeg in Resources */ = {isa = PBXBuildFile; fileRef = CEF072182BF5EE25005C5DC4 /* 14.jpeg */; };
		D9F602C12BF5EE1200B54343 /* ShiroView.swift in Sources */ = {isa = PBXBuildFile; fileRef = D9F602C02BF5EE1200B54343 /* ShiroView.swift */; };
		28F7949C2BF5EDD6002523B4 /* booView.swift in Sources */ = {isa = PBXBuildFile; fileRef = 28F7949B2BF5EDD6002523B4 /* booView.swift */; };
/* End PBXBuildFile section */

/* Begin PBXFileReference section */
		0D4978632BF5408F00E0720F /* newJunsungView.swift */ = {isa = PBXFileReference; lastKnownFileType = sourcecode.swift; path = newJunsungView.swift; sourceTree = "<group>"; };
		0DEC81C62BF5315300D8DCDD /* NameView.app */ = {isa = PBXFileReference; explicitFileType = wrapper.application; includeInIndex = 0; path = NameView.app; sourceTree = BUILT_PRODUCTS_DIR; };
		0DEC81C92BF5315300D8DCDD /* NameViewApp.swift */ = {isa = PBXFileReference; lastKnownFileType = sourcecode.swift; path = NameViewApp.swift; sourceTree = "<group>"; };
		0DEC81CB2BF5315300D8DCDD /* ContentView.swift */ = {isa = PBXFileReference; lastKnownFileType = sourcecode.swift; path = ContentView.swift; sourceTree = "<group>"; };
		0DEC81CD2BF5315300D8DCDD /* Assets.xcassets */ = {isa = PBXFileReference; lastKnownFileType = folder.assetcatalog; path = Assets.xcassets; sourceTree = "<group>"; };
		0DEC81D02BF5315300D8DCDD /* Preview Assets.xcassets */ = {isa = PBXFileReference; lastKnownFileType = folder.assetcatalog; path = "Preview Assets.xcassets"; sourceTree = "<group>"; };
		CEF072182BF5EE25005C5DC4 /* 14.jpeg */ = {isa = PBXFileReference; lastKnownFileType = image.jpeg; name = 14.jpeg; path = "../../../Downloads/개발자 밈/개발자밈/14.jpeg"; sourceTree = "<group>"; };
		D9F602C02BF5EE1200B54343 /* ShiroView.swift */ = {isa = PBXFileReference; lastKnownFileType = sourcecode.swift; path = ShiroView.swift; sourceTree = "<group>"; };
		28F7949B2BF5EDD6002523B4 /* booView.swift */ = {isa = PBXFileReference; lastKnownFileType = sourcecode.swift; path = booView.swift; sourceTree = "<group>"; };
/* End PBXFileReference section */

/* Begin PBXFrameworksBuildPhase section */
		0DEC81C32BF5315300D8DCDD /* Frameworks */ = {
			isa = PBXFrameworksBuildPhase;
			buildActionMask = 2147483647;
			files = (
			);
			runOnlyForDeploymentPostprocessing = 0;
		};
/* End PBXFrameworksBuildPhase section */

/* Begin PBXGroup section */
		0DEC81BD2BF5315300D8DCDD = {
			isa = PBXGroup;
			children = (
				0DEC81C82BF5315300D8DCDD /* NameView */,
				0DEC81C72BF5315300D8DCDD /* Products */,
			);
			sourceTree = "<group>";
		};
		0DEC81C72BF5315300D8DCDD /* Products */ = {
			isa = PBXGroup;
			children = (
				0DEC81C62BF5315300D8DCDD /* NameView.app */,
			);
			name = Products;
			sourceTree = "<group>";
		};
		0DEC81C82BF5315300D8DCDD /* NameView */ = {
			isa = PBXGroup;
			children = (
				0DEC81C92BF5315300D8DCDD /* NameViewApp.swift */,
				0DEC81CB2BF5315300D8DCDD /* ContentView.swift */,
				D9F602C02BF5EE1200B54343 /* ShiroView.swift */,
				0D4978632BF5408F00E0720F /* newJunsungView.swift */,
				CEF072182BF5EE25005C5DC4 /* 14.jpeg */,
				28F7949B2BF5EDD6002523B4 /* booView.swift */,
				0DEC81CD2BF5315300D8DCDD /* Assets.xcassets */,
				0DEC81CF2BF5315300D8DCDD /* Preview Content */,
			);
			path = NameView;
			sourceTree = "<group>";
		};
		0DEC81CF2BF5315300D8DCDD /* Preview Content */ = {
			isa = PBXGroup;
			children = (
				0DEC81D02BF5315300D8DCDD /* Preview Assets.xcassets */,
			);
			path = "Preview Content";
			sourceTree = "<group>";
		};
/* End PBXGroup section */

/* Begin PBXNativeTarget section */
		0DEC81C52BF5315300D8DCDD /* NameView */ = {
			isa = PBXNativeTarget;
			buildConfigurationList = 0DEC81D42BF5315300D8DCDD /* Build configuration list for PBXNativeTarget "NameView" */;
			buildPhases = (
				0DEC81C22BF5315300D8DCDD /* Sources */,
				0DEC81C32BF5315300D8DCDD /* Frameworks */,
				0DEC81C42BF5315300D8DCDD /* Resources */,
			);
			buildRules = (
			);
			dependencies = (
			);
			name = NameView;
			productName = NameView;
			productReference = 0DEC81C62BF5315300D8DCDD /* NameView.app */;
			productType = "com.apple.product-type.application";
		};
/* End PBXNativeTarget section */

/* Begin PBXProject section */
		0DEC81BE2BF5315300D8DCDD /* Project object */ = {
			isa = PBXProject;
			attributes = {
				BuildIndependentTargetsInParallel = 1;
				LastSwiftUpdateCheck = 1540;
				LastUpgradeCheck = 1540;
				TargetAttributes = {
					0DEC81C52BF5315300D8DCDD = {
						CreatedOnToolsVersion = 15.4;
					};
				};
			};
			buildConfigurationList = 0DEC81C12BF5315300D8DCDD /* Build configuration list for PBXProject "NameView" */;
			compatibilityVersion = "Xcode 14.0";
			developmentRegion = en;
			hasScannedForEncodings = 0;
			knownRegions = (
				en,
				Base,
			);
			mainGroup = 0DEC81BD2BF5315300D8DCDD;
			productRefGroup = 0DEC81C72BF5315300D8DCDD /* Products */;
			projectDirPath = "";
			projectRoot = "";
			targets = (
				0DEC81C52BF5315300D8DCDD /* NameView */,
			);
		};
/* End PBXProject section */

/* Begin PBXResourcesBuildPhase section */
		0DEC81C42BF5315300D8DCDD /* Resources */ = {
			isa = PBXResourcesBuildPhase;
			buildActionMask = 2147483647;
			files = (
				CEF072192BF5EE25005C5DC4 /* 14.jpeg in Resources */,
				0DEC81D12BF5315300D8DCDD /* Preview Assets.xcassets in Resources */,
				0DEC81CE2BF5315300D8DCDD /* Assets.xcassets in Resources */,
			);
			runOnlyForDeploymentPostprocessing = 0;
		};
/* End PBXResourcesBuildPhase section */

/* Begin PBXSourcesBuildPhase section */
		0DEC81C22BF5315300D8DCDD /* Sources */ = {
			isa = PBXSourcesBuildPhase;
			buildActionMask = 2147483647;
			files = (
				0D4978642BF5408F00E0720F /* newJunsungView.swift in Sources */,
				0DEC81CC2BF5315300D8DCDD /* ContentView.swift in Sources */,
				D9F602C12BF5EE1200B54343 /* ShiroView.swift in Sources */,
				0DEC81CA2BF5315300D8DCDD /* NameViewApp.swift in Sources */,
				28F7949C2BF5EDD6002523B4 /* booView.swift in Sources */,
			);
			runOnlyForDeploymentPostprocessing = 0;
		};
/* End PBXSourcesBuildPhase section */

/* Begin XCBuildConfiguration section */
		0DEC81D22BF5315300D8DCDD /* Debug */ = {
			isa = XCBuildConfiguration;
			buildSettings = {
				ALWAYS_SEARCH_USER_PATHS = NO;
				ASSETCATALOG_COMPILER_GENERATE_SWIFT_ASSET_SYMBOL_EXTENSIONS = YES;
				CLANG_ANALYZER_NONNULL = YES;
				CLANG_ANALYZER_NUMBER_OBJECT_CONVERSION = YES_AGGRESSIVE;
				CLANG_CXX_LANGUAGE_STANDARD = "gnu++20";
				CLANG_ENABLE_MODULES = YES;
				CLANG_ENABLE_OBJC_ARC = YES;
				CLANG_ENABLE_OBJC_WEAK = YES;
				CLANG_WARN_BLOCK_CAPTURE_AUTORELEASING = YES;
				CLANG_WARN_BOOL_CONVERSION = YES;
				CLANG_WARN_COMMA = YES;
				CLANG_WARN_CONSTANT_CONVERSION = YES;
				CLANG_WARN_DEPRECATED_OBJC_IMPLEMENTATIONS = YES;
				CLANG_WARN_DIRECT_OBJC_ISA_USAGE = YES_ERROR;
				CLANG_WARN_DOCUMENTATION_COMMENTS = YES;
				CLANG_WARN_EMPTY_BODY = YES;
				CLANG_WARN_ENUM_CONVERSION = YES;
				CLANG_WARN_INFINITE_RECURSION = YES;
				CLANG_WARN_INT_CONVERSION = YES;
				CLANG_WARN_NON_LITERAL_NULL_CONVERSION = YES;
				CLANG_WARN_OBJC_IMPLICIT_RETAIN_SELF = YES;
				CLANG_WARN_OBJC_LITERAL_CONVERSION = YES;
				CLANG_WARN_OBJC_ROOT_CLASS = YES_ERROR;
				CLANG_WARN_QUOTED_INCLUDE_IN_FRAMEWORK_HEADER = YES;
				CLANG_WARN_RANGE_LOOP_ANALYSIS = YES;
				CLANG_WARN_STRICT_PROTOTYPES = YES;
				CLANG_WARN_SUSPICIOUS_MOVE = YES;
				CLANG_WARN_UNGUARDED_AVAILABILITY = YES_AGGRESSIVE;
				CLANG_WARN_UNREACHABLE_CODE = YES;
				CLANG_WARN__DUPLICATE_METHOD_MATCH = YES;
				COPY_PHASE_STRIP = NO;
				DEBUG_INFORMATION_FORMAT = dwarf;
				ENABLE_STRICT_OBJC_MSGSEND = YES;
				ENABLE_TESTABILITY = YES;
				ENABLE_USER_SCRIPT_SANDBOXING = YES;
				GCC_C_LANGUAGE_STANDARD = gnu17;
				GCC_DYNAMIC_NO_PIC = NO;
				GCC_NO_COMMON_BLOCKS = YES;
				GCC_OPTIMIZATION_LEVEL = 0;
				GCC_PREPROCESSOR_DEFINITIONS = (
					"DEBUG=1",
					"$(inherited)",
				);
				GCC_WARN_64_TO_32_BIT_CONVERSION = YES;
				GCC_WARN_ABOUT_RETURN_TYPE = YES_ERROR;
				GCC_WARN_UNDECLARED_SELECTOR = YES;
				GCC_WARN_UNINITIALIZED_AUTOS = YES_AGGRESSIVE;
				GCC_WARN_UNUSED_FUNCTION = YES;
				GCC_WARN_UNUSED_VARIABLE = YES;
				IPHONEOS_DEPLOYMENT_TARGET = 17.5;
				LOCALIZATION_PREFERS_STRING_CATALOGS = YES;
				MTL_ENABLE_DEBUG_INFO = INCLUDE_SOURCE;
				MTL_FAST_MATH = YES;
				ONLY_ACTIVE_ARCH = YES;
				SDKROOT = iphoneos;
				SWIFT_ACTIVE_COMPILATION_CONDITIONS = "DEBUG $(inherited)";
				SWIFT_OPTIMIZATION_LEVEL = "-Onone";
			};
			name = Debug;
		};
		0DEC81D32BF5315300D8DCDD /* Release */ = {
			isa = XCBuildConfiguration;
			buildSettings = {
				ALWAYS_SEARCH_USER_PATHS = NO;
				ASSETCATALOG_COMPILER_GENERATE_SWIFT_ASSET_SYMBOL_EXTENSIONS = YES;
				CLANG_ANALYZER_NONNULL = YES;
				CLANG_ANALYZER_NUMBER_OBJECT_CONVERSION = YES_AGGRESSIVE;
				CLANG_CXX_LANGUAGE_STANDARD = "gnu++20";
				CLANG_ENABLE_MODULES = YES;
				CLANG_ENABLE_OBJC_ARC = YES;
				CLANG_ENABLE_OBJC_WEAK = YES;
				CLANG_WARN_BLOCK_CAPTURE_AUTORELEASING = YES;
				CLANG_WARN_BOOL_CONVERSION = YES;
				CLANG_WARN_COMMA = YES;
				CLANG_WARN_CONSTANT_CONVERSION = YES;
				CLANG_WARN_DEPRECATED_OBJC_IMPLEMENTATIONS = YES;
				CLANG_WARN_DIRECT_OBJC_ISA_USAGE = YES_ERROR;
				CLANG_WARN_DOCUMENTATION_COMMENTS = YES;
				CLANG_WARN_EMPTY_BODY = YES;
				CLANG_WARN_ENUM_CONVERSION = YES;
				CLANG_WARN_INFINITE_RECURSION = YES;
				CLANG_WARN_INT_CONVERSION = YES;
				CLANG_WARN_NON_LITERAL_NULL_CONVERSION = YES;
				CLANG_WARN_OBJC_IMPLICIT_RETAIN_SELF = YES;
				CLANG_WARN_OBJC_LITERAL_CONVERSION = YES;
				CLANG_WARN_OBJC_ROOT_CLASS = YES_ERROR;
				CLANG_WARN_QUOTED_INCLUDE_IN_FRAMEWORK_HEADER = YES;
				CLANG_WARN_RANGE_LOOP_ANALYSIS = YES;
				CLANG_WARN_STRICT_PROTOTYPES = YES;
				CLANG_WARN_SUSPICIOUS_MOVE = YES;
				CLANG_WARN_UNGUARDED_AVAILABILITY = YES_AGGRESSIVE;
				CLANG_WARN_UNREACHABLE_CODE = YES;
				CLANG_WARN__DUPLICATE_METHOD_MATCH = YES;
				COPY_PHASE_STRIP = NO;
				DEBUG_INFORMATION_FORMAT = "dwarf-with-dsym";
				ENABLE_NS_ASSERTIONS = NO;
				ENABLE_STRICT_OBJC_MSGSEND = YES;
				ENABLE_USER_SCRIPT_SANDBOXING = YES;
				GCC_C_LANGUAGE_STANDARD = gnu17;
				GCC_NO_COMMON_BLOCKS = YES;
				GCC_WARN_64_TO_32_BIT_CONVERSION = YES;
				GCC_WARN_ABOUT_RETURN_TYPE = YES_ERROR;
				GCC_WARN_UNDECLARED_SELECTOR = YES;
				GCC_WARN_UNINITIALIZED_AUTOS = YES_AGGRESSIVE;
				GCC_WARN_UNUSED_FUNCTION = YES;
				GCC_WARN_UNUSED_VARIABLE = YES;
				IPHONEOS_DEPLOYMENT_TARGET = 17.5;
				LOCALIZATION_PREFERS_STRING_CATALOGS = YES;
				MTL_ENABLE_DEBUG_INFO = NO;
				MTL_FAST_MATH = YES;
				SDKROOT = iphoneos;
				SWIFT_COMPILATION_MODE = wholemodule;
				VALIDATE_PRODUCT = YES;
			};
			name = Release;
		};
		0DEC81D52BF5315300D8DCDD /* Debug */ = {
			isa = XCBuildConfiguration;
			buildSettings = {
				ASSETCATALOG_COMPILER_APPICON_NAME = AppIcon;
				ASSETCATALOG_COMPILER_GLOBAL_ACCENT_COLOR_NAME = AccentColor;
				CODE_SIGN_STYLE = Automatic;
				CURRENT_PROJECT_VERSION = 1;
				DEVELOPMENT_ASSET_PATHS = "\"NameView/Preview Content\"";
				ENABLE_PREVIEWS = YES;
				GENERATE_INFOPLIST_FILE = YES;
				INFOPLIST_KEY_UIApplicationSceneManifest_Generation = YES;
				INFOPLIST_KEY_UIApplicationSupportsIndirectInputEvents = YES;
				INFOPLIST_KEY_UILaunchScreen_Generation = YES;
				INFOPLIST_KEY_UISupportedInterfaceOrientations_iPad = "UIInterfaceOrientationPortrait UIInterfaceOrientationPortraitUpsideDown UIInterfaceOrientationLandscapeLeft UIInterfaceOrientationLandscapeRight";
				INFOPLIST_KEY_UISupportedInterfaceOrientations_iPhone = "UIInterfaceOrientationPortrait UIInterfaceOrientationLandscapeLeft UIInterfaceOrientationLandscapeRight";
				IPHONEOS_DEPLOYMENT_TARGET = 17.0;
				LD_RUNPATH_SEARCH_PATHS = (
					"$(inherited)",
					"@executable_path/Frameworks",
				);
				MARKETING_VERSION = 1.0;
				PRODUCT_BUNDLE_IDENTIFIER = com.newJunsung.NameView;
				PRODUCT_NAME = "$(TARGET_NAME)";
				SWIFT_EMIT_LOC_STRINGS = YES;
				SWIFT_VERSION = 5.0;
				TARGETED_DEVICE_FAMILY = "1,2";
			};
			name = Debug;
		};
		0DEC81D62BF5315300D8DCDD /* Release */ = {
			isa = XCBuildConfiguration;
			buildSettings = {
				ASSETCATALOG_COMPILER_APPICON_NAME = AppIcon;
				ASSETCATALOG_COMPILER_GLOBAL_ACCENT_COLOR_NAME = AccentColor;
				CODE_SIGN_STYLE = Automatic;
				CURRENT_PROJECT_VERSION = 1;
				DEVELOPMENT_ASSET_PATHS = "\"NameView/Preview Content\"";
				ENABLE_PREVIEWS = YES;
				GENERATE_INFOPLIST_FILE = YES;
				INFOPLIST_KEY_UIApplicationSceneManifest_Generation = YES;
				INFOPLIST_KEY_UIApplicationSupportsIndirectInputEvents = YES;
				INFOPLIST_KEY_UILaunchScreen_Generation = YES;
				INFOPLIST_KEY_UISupportedInterfaceOrientations_iPad = "UIInterfaceOrientationPortrait UIInterfaceOrientationPortraitUpsideDown UIInterfaceOrientationLandscapeLeft UIInterfaceOrientationLandscapeRight";
				INFOPLIST_KEY_UISupportedInterfaceOrientations_iPhone = "UIInterfaceOrientationPortrait UIInterfaceOrientationLandscapeLeft UIInterfaceOrientationLandscapeRight";
				IPHONEOS_DEPLOYMENT_TARGET = 17.0;
				LD_RUNPATH_SEARCH_PATHS = (
					"$(inherited)",
					"@executable_path/Frameworks",
				);
				MARKETING_VERSION = 1.0;
				PRODUCT_BUNDLE_IDENTIFIER = com.newJunsung.NameView;
				PRODUCT_NAME = "$(TARGET_NAME)";
				SWIFT_EMIT_LOC_STRINGS = YES;
				SWIFT_VERSION = 5.0;
				TARGETED_DEVICE_FAMILY = "1,2";
			};
			name = Release;
		};
/* End XCBuildConfiguration section */

/* Begin XCConfigurationList section */
		0DEC81C12BF5315300D8DCDD /* Build configuration list for PBXProject "NameView" */ = {
			isa = XCConfigurationList;
			buildConfigurations = (
				0DEC81D22BF5315300D8DCDD /* Debug */,
				0DEC81D32BF5315300D8DCDD /* Release */,
			);
			defaultConfigurationIsVisible = 0;
			defaultConfigurationName = Release;
		};
		0DEC81D42BF5315300D8DCDD /* Build configuration list for PBXNativeTarget "NameView" */ = {
			isa = XCConfigurationList;
			buildConfigurations = (
				0DEC81D52BF5315300D8DCDD /* Debug */,
				0DEC81D62BF5315300D8DCDD /* Release */,
			);
			defaultConfigurationIsVisible = 0;
			defaultConfigurationName = Release;
		};
/* End XCConfigurationList section */
	};
	rootObject = 0DEC81BE2BF5315300D8DCDD /* Project object */;
}
